
Microsoft Visual Studio Solution File, Format Version 12.00
# Visual Studio Version 17
VisualStudioVersion = 17.2.32616.157
MinimumVisualStudioVersion = 10.0.40219.1
Project("{9A19103F-16F7-4668-BE54-9A1E7A4F7556}") = "Backend_School.WebApi", "Backend_School.WebApi.csproj", "{71AE08AD-731D-4FE7-95D8-CB0B8AB434DC}"
EndProject
Global
	GlobalSection(SolutionConfigurationPlatforms) = preSolution
		Debug|Any CPU = Debug|Any CPU
		Release|Any CPU = Release|Any CPU
	EndGlobalSection
	GlobalSection(ProjectConfigurationPlatforms) = postSolution
		{71AE08AD-731D-4FE7-95D8-CB0B8AB434DC}.Debug|Any CPU.ActiveCfg = Debug|Any CPU
		{71AE08AD-731D-4FE7-95D8-CB0B8AB434DC}.Debug|Any CPU.Build.0 = Debug|Any CPU
		{71AE08AD-731D-4FE7-95D8-CB0B8AB434DC}.Release|Any CPU.ActiveCfg = Release|Any CPU
		{71AE08AD-731D-4FE7-95D8-CB0B8AB434DC}.Release|Any CPU.Build.0 = Release|Any CPU
	EndGlobalSection
	GlobalSection(SolutionProperties) = preSolution
		HideSolutionNode = FALSE
	EndGlobalSection
	GlobalSection(ExtensibilityGlobals) = postSolution
		SolutionGuid = {8E3C1E52-ED50-4C8E-BDB4-2BDC8147A645}
	EndGlobalSection
EndGlobal
